
Microsoft Visual Studio Solution File, Format Version 12.00
# Visual Studio Version 16
VisualStudioVersion = 16.0.29613.14
MinimumVisualStudioVersion = 10.0.40219.1
Project("{FAE04EC0-301F-11D3-BF4B-00C04F79EFBC}") = "LocalEx.ClassLib", "LocalEx.ClassLibs\LocalEx.ClassLib.csproj", "{8065E457-8096-448E-B518-541055B6E14B}"
EndProject
Project("{FAE04EC0-301F-11D3-BF4B-00C04F79EFBC}") = "LocalEx.UnitTests", "LocalEx.UnitTests\LocalEx.UnitTests.csproj", "{8E1994DF-0884-4E82-A394-BDB1F0FFD7AA}"
EndProject
Global
	GlobalSection(SolutionConfigurationPlatforms) = preSolution
		Debug|Any CPU = Debug|Any CPU
		Release|Any CPU = Release|Any CPU
	EndGlobalSection
	GlobalSection(ProjectConfigurationPlatforms) = postSolution
		{8065E457-8096-448E-B518-541055B6E14B}.Debug|Any CPU.ActiveCfg = Debug|Any CPU
		{8065E457-8096-448E-B518-541055B6E14B}.Debug|Any CPU.Build.0 = Debug|Any CPU
		{8065E457-8096-448E-B518-541055B6E14B}.Release|Any CPU.ActiveCfg = Release|Any CPU
		{8065E457-8096-448E-B518-541055B6E14B}.Release|Any CPU.Build.0 = Release|Any CPU
		{8E1994DF-0884-4E82-A394-BDB1F0FFD7AA}.Debug|Any CPU.ActiveCfg = Debug|Any CPU
		{8E1994DF-0884-4E82-A394-BDB1F0FFD7AA}.Debug|Any CPU.Build.0 = Debug|Any CPU
		{8E1994DF-0884-4E82-A394-BDB1F0FFD7AA}.Release|Any CPU.ActiveCfg = Release|Any CPU
		{8E1994DF-0884-4E82-A394-BDB1F0FFD7AA}.Release|Any CPU.Build.0 = Release|Any CPU
	EndGlobalSection
	GlobalSection(SolutionProperties) = preSolution
		HideSolutionNode = FALSE
	EndGlobalSection
	GlobalSection(ExtensibilityGlobals) = postSolution
		SolutionGuid = {FADF86F2-4737-4528-9C34-3C76CA2CC886}
	EndGlobalSection
EndGlobal
